
Microsoft Visual Studio Solution File, Format Version 12.00
# Visual Studio Version 17
VisualStudioVersion = 17.6.33815.320
MinimumVisualStudioVersion = 10.0.40219.1
Project("{FAE04EC0-301F-11D3-BF4B-00C04F79EFBC}") = "jokenpo", "jokenpo.csproj", "{CBB32934-4023-434F-BA78-163B1CEE7756}"
EndProject
Global
	GlobalSection(SolutionConfigurationPlatforms) = preSolution
		Debug|Any CPU = Debug|Any CPU
		Release|Any CPU = Release|Any CPU
	EndGlobalSection
	GlobalSection(ProjectConfigurationPlatforms) = postSolution
		{CBB32934-4023-434F-BA78-163B1CEE7756}.Debug|Any CPU.ActiveCfg = Debug|Any CPU
		{CBB32934-4023-434F-BA78-163B1CEE7756}.Debug|Any CPU.Build.0 = Debug|Any CPU
		{CBB32934-4023-434F-BA78-163B1CEE7756}.Release|Any CPU.ActiveCfg = Release|Any CPU
		{CBB32934-4023-434F-BA78-163B1CEE7756}.Release|Any CPU.Build.0 = Release|Any CPU
	EndGlobalSection
	GlobalSection(SolutionProperties) = preSolution
		HideSolutionNode = FALSE
	EndGlobalSection
	GlobalSection(ExtensibilityGlobals) = postSolution
		SolutionGuid = {6C24ED84-2AC0-474F-8429-9EEBF6A7C5F6}
	EndGlobalSection
EndGlobal
